
Microsoft Visual Studio Solution File, Format Version 12.00
# Visual Studio 15
Project("{FAE04EC0-301F-11D3-BF4B-00C04F79EFBC}") = "Unity.Timeline", "Unity.Timeline.csproj", "{301EA9DA-84CA-28C0-ADFA-11AC68FEC020}"
EndProject
Project("{FAE04EC0-301F-11D3-BF4B-00C04F79EFBC}") = "Unity.Timeline.Editor", "Unity.Timeline.Editor.csproj", "{445A9E28-0B0C-A56A-FEF4-5B2FB420ECCE}"
EndProject
Project("{FAE04EC0-301F-11D3-BF4B-00C04F79EFBC}") = "Unity.TextMeshPro.Editor", "Unity.TextMeshPro.Editor.csproj", "{85E929E6-8D7E-4CF6-A61F-B9C93718EFBB}"
EndProject
Project("{FAE04EC0-301F-11D3-BF4B-00C04F79EFBC}") = "Unity.VisualScripting.Flow", "Unity.VisualScripting.Flow.csproj", "{0BF9ED85-38EE-E7A9-82F3-4B77607DEDFC}"
EndProject
Project("{FAE04EC0-301F-11D3-BF4B-00C04F79EFBC}") = "UnityEditor.UI", "UnityEditor.UI.csproj", "{C3C87CE5-6FF8-6DBB-9235-166C9ADEF922}"
EndProject
Project("{FAE04EC0-301F-11D3-BF4B-00C04F79EFBC}") = "Unity.PlasticSCM.Editor", "Unity.PlasticSCM.Editor.csproj", "{6936A180-3438-19D2-EFAD-8E969FF4C20A}"
EndProject
Project("{FAE04EC0-301F-11D3-BF4B-00C04F79EFBC}") = "Unity.VisualScripting.Core", "Unity.VisualScripting.Core.csproj", "{BD5D93C4-5EB9-92FF-53DD-72184FCF3AFC}"
EndProject
Project("{FAE04EC0-301F-11D3-BF4B-00C04F79EFBC}") = "Unity.VisualScripting.Core.Editor", "Unity.VisualScripting.Core.Editor.csproj", "{5A7C2886-997B-BE93-1997-788B4CB201B5}"
EndProject
Project("{FAE04EC0-301F-11D3-BF4B-00C04F79EFBC}") = "Unity.VisualScripting.Flow.Editor", "Unity.VisualScripting.Flow.Editor.csproj", "{03267965-DD74-D2D8-4C6A-A8493D7CDA7D}"
EndProject
Project("{FAE04EC0-301F-11D3-BF4B-00C04F79EFBC}") = "UnityEditor.TestRunner", "UnityEditor.TestRunner.csproj", "{12F59E0B-BE20-45D4-3386-0C94F91A108C}"
EndProject
Project("{FAE04EC0-301F-11D3-BF4B-00C04F79EFBC}") = "NavMeshComponents", "NavMeshComponents.csproj", "{5BC258D2-B96D-21E8-EB55-AA6FF688CE3B}"
EndProject
Project("{FAE04EC0-301F-11D3-BF4B-00C04F79EFBC}") = "Unity.VisualScripting.SettingsProvider.Editor", "Unity.VisualScripting.SettingsProvider.Editor.csproj", "{BB135A89-2F5B-11C7-F02A-2A0C74156B33}"
EndProject
Project("{FAE04EC0-301F-11D3-BF4B-00C04F79EFBC}") = "UnityEngine.TestRunner", "UnityEngine.TestRunner.csproj", "{37B42E05-1397-C264-59CC-EE39975B8632}"
EndProject
Project("{FAE04EC0-301F-11D3-BF4B-00C04F79EFBC}") = "UnityEngine.UI", "UnityEngine.UI.csproj", "{044A14B5-14A9-EC07-1B56-1F3B02071EA9}"
EndProject
Project("{FAE04EC0-301F-11D3-BF4B-00C04F79EFBC}") = "Unity.VisualStudio.Editor", "Unity.VisualStudio.Editor.csproj", "{177B0FFC-EB99-2411-5892-152439F4A722}"
EndProject
Project("{FAE04EC0-301F-11D3-BF4B-00C04F79EFBC}") = "Unity.TestTools.CodeCoverage.Editor.OpenCover.Model", "Unity.TestTools.CodeCoverage.Editor.OpenCover.Model.csproj", "{FF3BC6DE-E205-CC5A-27D0-8DDD07B0B686}"
EndProject
Project("{FAE04EC0-301F-11D3-BF4B-00C04F79EFBC}") = "Unity.Rider.Editor", "Unity.Rider.Editor.csproj", "{CF609742-C6D2-F444-A144-0A57418299F8}"
EndProject
Project("{FAE04EC0-301F-11D3-BF4B-00C04F79EFBC}") = "Unity.VisualScripting.State.Editor", "Unity.VisualScripting.State.Editor.csproj", "{E4BBADB9-D7B6-5040-74A7-F8B0C7E2411A}"
EndProject
Project("{FAE04EC0-301F-11D3-BF4B-00C04F79EFBC}") = "Unity.TestTools.CodeCoverage.Editor", "Unity.TestTools.CodeCoverage.Editor.csproj", "{5AE7BEBE-B167-6CCF-2C74-8A50F12CB5C6}"
EndProject
Project("{FAE04EC0-301F-11D3-BF4B-00C04F79EFBC}") = "Unity.VisualScripting.State", "Unity.VisualScripting.State.csproj", "{48B6A312-2320-53AA-5082-7407A3142D7B}"
EndProject
Project("{FAE04EC0-301F-11D3-BF4B-00C04F79EFBC}") = "Assembly-CSharp", "Assembly-CSharp.csproj", "{78DDBA87-9446-92C8-9776-AEE297A8F7F5}"
EndProject
Project("{FAE04EC0-301F-11D3-BF4B-00C04F79EFBC}") = "Unity.TextMeshPro", "Unity.TextMeshPro.csproj", "{6681E673-714B-A3E4-4431-FBFF296A0020}"
EndProject
Project("{FAE04EC0-301F-11D3-BF4B-00C04F79EFBC}") = "Unity.Performance.Profile-Analyzer.Editor", "Unity.Performance.Profile-Analyzer.Editor.csproj", "{94DA2174-7B8A-F740-22EF-41D09E2C3105}"
EndProject
Project("{FAE04EC0-301F-11D3-BF4B-00C04F79EFBC}") = "Unity.VSCode.Editor", "Unity.VSCode.Editor.csproj", "{EB2F089D-54D4-E67E-8460-74CD7408912C}"
EndProject
Project("{FAE04EC0-301F-11D3-BF4B-00C04F79EFBC}") = "Unity.TestTools.CodeCoverage.Editor.OpenCover.Mono.Reflection", "Unity.TestTools.CodeCoverage.Editor.OpenCover.Mono.Reflection.csproj", "{1D062CE0-4800-D957-592F-7728407547EA}"
EndProject
Project("{FAE04EC0-301F-11D3-BF4B-00C04F79EFBC}") = "NavMeshComponentsEditor", "NavMeshComponentsEditor.csproj", "{5DB58A30-BA06-1807-5571-F22569B984AA}"
EndProject
Project("{FAE04EC0-301F-11D3-BF4B-00C04F79EFBC}") = "Unity.Settings.Editor", "Unity.Settings.Editor.csproj", "{89747EFA-6D19-8A95-DA67-18587BBA30E5}"
EndProject
Project("{FAE04EC0-301F-11D3-BF4B-00C04F79EFBC}") = "Unity.EditorCoroutines.Editor", "Unity.EditorCoroutines.Editor.csproj", "{E85004EE-58BF-25BB-52C3-0D7A81FE1D56}"
EndProject
Project("{FAE04EC0-301F-11D3-BF4B-00C04F79EFBC}") = "Unity.VisualScripting.Shared.Editor", "Unity.VisualScripting.Shared.Editor.csproj", "{D318D18B-562E-C367-817D-F1F19212465B}"
EndProject
Project("{FAE04EC0-301F-11D3-BF4B-00C04F79EFBC}") = "Unity.CollabProxy.Editor", "Unity.CollabProxy.Editor.csproj", "{E6B9C452-BE31-B4BA-D8FB-B2F9E4AA6298}"
EndProject
Project("{FAE04EC0-301F-11D3-BF4B-00C04F79EFBC}") = "Unity.Timeline", "Unity.Timeline.Player.csproj", "{0AAAC3C2-2E3E-7904-A881-32906DE6F7FC}"
EndProject
Project("{FAE04EC0-301F-11D3-BF4B-00C04F79EFBC}") = "Unity.VisualScripting.Flow", "Unity.VisualScripting.Flow.Player.csproj", "{4E6D87B4-8181-5040-77B1-8C3469BD4DDC}"
EndProject
Project("{FAE04EC0-301F-11D3-BF4B-00C04F79EFBC}") = "Unity.VisualScripting.Core", "Unity.VisualScripting.Core.Player.csproj", "{0A7593A8-F49D-4F45-8230-5211F56631C4}"
EndProject
Project("{FAE04EC0-301F-11D3-BF4B-00C04F79EFBC}") = "NavMeshComponents", "NavMeshComponents.Player.csproj", "{0C4C44C5-A639-3190-4831-EAC3D4C6D8B4}"
EndProject
Project("{FAE04EC0-301F-11D3-BF4B-00C04F79EFBC}") = "UnityEngine.TestRunner", "UnityEngine.TestRunner.Player.csproj", "{5738A2BB-2B6E-3182-709D-CFE7A80F5A8E}"
EndProject
Project("{FAE04EC0-301F-11D3-BF4B-00C04F79EFBC}") = "UnityEngine.UI", "UnityEngine.UI.Player.csproj", "{88744D6C-7E49-72B7-87B8-B8AA0BC7F18F}"
EndProject
Project("{FAE04EC0-301F-11D3-BF4B-00C04F79EFBC}") = "Unity.VisualScripting.State", "Unity.VisualScripting.State.Player.csproj", "{C9855129-82B8-84B7-6FAD-87E5CDBBA225}"
EndProject
Project("{FAE04EC0-301F-11D3-BF4B-00C04F79EFBC}") = "Assembly-CSharp", "Assembly-CSharp.Player.csproj", "{C8454D79-3FC0-5ED2-C1DA-58B31341A52F}"
EndProject
Project("{FAE04EC0-301F-11D3-BF4B-00C04F79EFBC}") = "Unity.TextMeshPro", "Unity.TextMeshPro.Player.csproj", "{41F10561-6C86-71C9-485F-37025E9BC846}"
EndProject
Global
	GlobalSection(SolutionConfigurationPlatforms) = preSolution
		Debug|Any CPU = Debug|Any CPU
		Release|Any CPU = Release|Any CPU
	EndGlobalSection
	GlobalSection(ProjectConfigurationPlatforms) = postSolution
		{301EA9DA-84CA-28C0-ADFA-11AC68FEC020}.Debug|Any CPU.ActiveCfg = Debug|Any CPU
		{301EA9DA-84CA-28C0-ADFA-11AC68FEC020}.Debug|Any CPU.Build.0 = Debug|Any CPU
		{301EA9DA-84CA-28C0-ADFA-11AC68FEC020}.Release|Any CPU.ActiveCfg = Release|Any CPU
		{301EA9DA-84CA-28C0-ADFA-11AC68FEC020}.Release|Any CPU.Build.0 = Release|Any CPU
		{445A9E28-0B0C-A56A-FEF4-5B2FB420ECCE}.Debug|Any CPU.ActiveCfg = Debug|Any CPU
		{445A9E28-0B0C-A56A-FEF4-5B2FB420ECCE}.Debug|Any CPU.Build.0 = Debug|Any CPU
		{445A9E28-0B0C-A56A-FEF4-5B2FB420ECCE}.Release|Any CPU.ActiveCfg = Release|Any CPU
		{445A9E28-0B0C-A56A-FEF4-5B2FB420ECCE}.Release|Any CPU.Build.0 = Release|Any CPU
		{85E929E6-8D7E-4CF6-A61F-B9C93718EFBB}.Debug|Any CPU.ActiveCfg = Debug|Any CPU
		{85E929E6-8D7E-4CF6-A61F-B9C93718EFBB}.Debug|Any CPU.Build.0 = Debug|Any CPU
		{85E929E6-8D7E-4CF6-A61F-B9C93718EFBB}.Release|Any CPU.ActiveCfg = Release|Any CPU
		{85E929E6-8D7E-4CF6-A61F-B9C93718EFBB}.Release|Any CPU.Build.0 = Release|Any CPU
		{0BF9ED85-38EE-E7A9-82F3-4B77607DEDFC}.Debug|Any CPU.ActiveCfg = Debug|Any CPU
		{0BF9ED85-38EE-E7A9-82F3-4B77607DEDFC}.Debug|Any CPU.Build.0 = Debug|Any CPU
		{0BF9ED85-38EE-E7A9-82F3-4B77607DEDFC}.Release|Any CPU.ActiveCfg = Release|Any CPU
		{0BF9ED85-38EE-E7A9-82F3-4B77607DEDFC}.Release|Any CPU.Build.0 = Release|Any CPU
		{C3C87CE5-6FF8-6DBB-9235-166C9ADEF922}.Debug|Any CPU.ActiveCfg = Debug|Any CPU
		{C3C87CE5-6FF8-6DBB-9235-166C9ADEF922}.Debug|Any CPU.Build.0 = Debug|Any CPU
		{C3C87CE5-6FF8-6DBB-9235-166C9ADEF922}.Release|Any CPU.ActiveCfg = Release|Any CPU
		{C3C87CE5-6FF8-6DBB-9235-166C9ADEF922}.Release|Any CPU.Build.0 = Release|Any CPU
		{6936A180-3438-19D2-EFAD-8E969FF4C20A}.Debug|Any CPU.ActiveCfg = Debug|Any CPU
		{6936A180-3438-19D2-EFAD-8E969FF4C20A}.Debug|Any CPU.Build.0 = Debug|Any CPU
		{6936A180-3438-19D2-EFAD-8E969FF4C20A}.Release|Any CPU.ActiveCfg = Release|Any CPU
		{6936A180-3438-19D2-EFAD-8E969FF4C20A}.Release|Any CPU.Build.0 = Release|Any CPU
		{BD5D93C4-5EB9-92FF-53DD-72184FCF3AFC}.Debug|Any CPU.ActiveCfg = Debug|Any CPU
		{BD5D93C4-5EB9-92FF-53DD-72184FCF3AFC}.Debug|Any CPU.Build.0 = Debug|Any CPU
		{BD5D93C4-5EB9-92FF-53DD-72184FCF3AFC}.Release|Any CPU.ActiveCfg = Release|Any CPU
		{BD5D93C4-5EB9-92FF-53DD-72184FCF3AFC}.Release|Any CPU.Build.0 = Release|Any CPU
		{5A7C2886-997B-BE93-1997-788B4CB201B5}.Debug|Any CPU.ActiveCfg = Debug|Any CPU
		{5A7C2886-997B-BE93-1997-788B4CB201B5}.Debug|Any CPU.Build.0 = Debug|Any CPU
		{5A7C2886-997B-BE93-1997-788B4CB201B5}.Release|Any CPU.ActiveCfg = Release|Any CPU
		{5A7C2886-997B-BE93-1997-788B4CB201B5}.Release|Any CPU.Build.0 = Release|Any CPU
		{03267965-DD74-D2D8-4C6A-A8493D7CDA7D}.Debug|Any CPU.ActiveCfg = Debug|Any CPU
		{03267965-DD74-D2D8-4C6A-A8493D7CDA7D}.Debug|Any CPU.Build.0 = Debug|Any CPU
		{03267965-DD74-D2D8-4C6A-A8493D7CDA7D}.Release|Any CPU.ActiveCfg = Release|Any CPU
		{03267965-DD74-D2D8-4C6A-A8493D7CDA7D}.Release|Any CPU.Build.0 = Release|Any CPU
		{12F59E0B-BE20-45D4-3386-0C94F91A108C}.Debug|Any CPU.ActiveCfg = Debug|Any CPU
		{12F59E0B-BE20-45D4-3386-0C94F91A108C}.Debug|Any CPU.Build.0 = Debug|Any CPU
		{12F59E0B-BE20-45D4-3386-0C94F91A108C}.Release|Any CPU.ActiveCfg = Release|Any CPU
		{12F59E0B-BE20-45D4-3386-0C94F91A108C}.Release|Any CPU.Build.0 = Release|Any CPU
		{5BC258D2-B96D-21E8-EB55-AA6FF688CE3B}.Debug|Any CPU.ActiveCfg = Debug|Any CPU
		{5BC258D2-B96D-21E8-EB55-AA6FF688CE3B}.Debug|Any CPU.Build.0 = Debug|Any CPU
		{5BC258D2-B96D-21E8-EB55-AA6FF688CE3B}.Release|Any CPU.ActiveCfg = Release|Any CPU
		{5BC258D2-B96D-21E8-EB55-AA6FF688CE3B}.Release|Any CPU.Build.0 = Release|Any CPU
		{BB135A89-2F5B-11C7-F02A-2A0C74156B33}.Debug|Any CPU.ActiveCfg = Debug|Any CPU
		{BB135A89-2F5B-11C7-F02A-2A0C74156B33}.Debug|Any CPU.Build.0 = Debug|Any CPU
		{BB135A89-2F5B-11C7-F02A-2A0C74156B33}.Release|Any CPU.ActiveCfg = Release|Any CPU
		{BB135A89-2F5B-11C7-F02A-2A0C74156B33}.Release|Any CPU.Build.0 = Release|Any CPU
		{37B42E05-1397-C264-59CC-EE39975B8632}.Debug|Any CPU.ActiveCfg = Debug|Any CPU
		{37B42E05-1397-C264-59CC-EE39975B8632}.Debug|Any CPU.Build.0 = Debug|Any CPU
		{37B42E05-1397-C264-59CC-EE39975B8632}.Release|Any CPU.ActiveCfg = Release|Any CPU
		{37B42E05-1397-C264-59CC-EE39975B8632}.Release|Any CPU.Build.0 = Release|Any CPU
		{044A14B5-14A9-EC07-1B56-1F3B02071EA9}.Debug|Any CPU.ActiveCfg = Debug|Any CPU
		{044A14B5-14A9-EC07-1B56-1F3B02071EA9}.Debug|Any CPU.Build.0 = Debug|Any CPU
		{044A14B5-14A9-EC07-1B56-1F3B02071EA9}.Release|Any CPU.ActiveCfg = Release|Any CPU
		{044A14B5-14A9-EC07-1B56-1F3B02071EA9}.Release|Any CPU.Build.0 = Release|Any CPU
		{177B0FFC-EB99-2411-5892-152439F4A722}.Debug|Any CPU.ActiveCfg = Debug|Any CPU
		{177B0FFC-EB99-2411-5892-152439F4A722}.Debug|Any CPU.Build.0 = Debug|Any CPU
		{177B0FFC-EB99-2411-5892-152439F4A722}.Release|Any CPU.ActiveCfg = Release|Any CPU
		{177B0FFC-EB99-2411-5892-152439F4A722}.Release|Any CPU.Build.0 = Release|Any CPU
		{FF3BC6DE-E205-CC5A-27D0-8DDD07B0B686}.Debug|Any CPU.ActiveCfg = Debug|Any CPU
		{FF3BC6DE-E205-CC5A-27D0-8DDD07B0B686}.Debug|Any CPU.Build.0 = Debug|Any CPU
		{FF3BC6DE-E205-CC5A-27D0-8DDD07B0B686}.Release|Any CPU.ActiveCfg = Release|Any CPU
		{FF3BC6DE-E205-CC5A-27D0-8DDD07B0B686}.Release|Any CPU.Build.0 = Release|Any CPU
		{CF609742-C6D2-F444-A144-0A57418299F8}.Debug|Any CPU.ActiveCfg = Debug|Any CPU
		{CF609742-C6D2-F444-A144-0A57418299F8}.Debug|Any CPU.Build.0 = Debug|Any CPU
		{CF609742-C6D2-F444-A144-0A57418299F8}.Release|Any CPU.ActiveCfg = Release|Any CPU
		{CF609742-C6D2-F444-A144-0A57418299F8}.Release|Any CPU.Build.0 = Release|Any CPU
		{E4BBADB9-D7B6-5040-74A7-F8B0C7E2411A}.Debug|Any CPU.ActiveCfg = Debug|Any CPU
		{E4BBADB9-D7B6-5040-74A7-F8B0C7E2411A}.Debug|Any CPU.Build.0 = Debug|Any CPU
		{E4BBADB9-D7B6-5040-74A7-F8B0C7E2411A}.Release|Any CPU.ActiveCfg = Release|Any CPU
		{E4BBADB9-D7B6-5040-74A7-F8B0C7E2411A}.Release|Any CPU.Build.0 = Release|Any CPU
		{5AE7BEBE-B167-6CCF-2C74-8A50F12CB5C6}.Debug|Any CPU.ActiveCfg = Debug|Any CPU
		{5AE7BEBE-B167-6CCF-2C74-8A50F12CB5C6}.Debug|Any CPU.Build.0 = Debug|Any CPU
		{5AE7BEBE-B167-6CCF-2C74-8A50F12CB5C6}.Release|Any CPU.ActiveCfg = Release|Any CPU
		{5AE7BEBE-B167-6CCF-2C74-8A50F12CB5C6}.Release|Any CPU.Build.0 = Release|Any CPU
		{48B6A312-2320-53AA-5082-7407A3142D7B}.Debug|Any CPU.ActiveCfg = Debug|Any CPU
		{48B6A312-2320-53AA-5082-7407A3142D7B}.Debug|Any CPU.Build.0 = Debug|Any CPU
		{48B6A312-2320-53AA-5082-7407A3142D7B}.Release|Any CPU.ActiveCfg = Release|Any CPU
		{48B6A312-2320-53AA-5082-7407A3142D7B}.Release|Any CPU.Build.0 = Release|Any CPU
		{78DDBA87-9446-92C8-9776-AEE297A8F7F5}.Debug|Any CPU.ActiveCfg = Debug|Any CPU
		{78DDBA87-9446-92C8-9776-AEE297A8F7F5}.Debug|Any CPU.Build.0 = Debug|Any CPU
		{78DDBA87-9446-92C8-9776-AEE297A8F7F5}.Release|Any CPU.ActiveCfg = Release|Any CPU
		{78DDBA87-9446-92C8-9776-AEE297A8F7F5}.Release|Any CPU.Build.0 = Release|Any CPU
		{6681E673-714B-A3E4-4431-FBFF296A0020}.Debug|Any CPU.ActiveCfg = Debug|Any CPU
		{6681E673-714B-A3E4-4431-FBFF296A0020}.Debug|Any CPU.Build.0 = Debug|Any CPU
		{6681E673-714B-A3E4-4431-FBFF296A0020}.Release|Any CPU.ActiveCfg = Release|Any CPU
		{6681E673-714B-A3E4-4431-FBFF296A0020}.Release|Any CPU.Build.0 = Release|Any CPU
		{94DA2174-7B8A-F740-22EF-41D09E2C3105}.Debug|Any CPU.ActiveCfg = Debug|Any CPU
		{94DA2174-7B8A-F740-22EF-41D09E2C3105}.Debug|Any CPU.Build.0 = Debug|Any CPU
		{94DA2174-7B8A-F740-22EF-41D09E2C3105}.Release|Any CPU.ActiveCfg = Release|Any CPU
		{94DA2174-7B8A-F740-22EF-41D09E2C3105}.Release|Any CPU.Build.0 = Release|Any CPU
		{EB2F089D-54D4-E67E-8460-74CD7408912C}.Debug|Any CPU.ActiveCfg = Debug|Any CPU
		{EB2F089D-54D4-E67E-8460-74CD7408912C}.Debug|Any CPU.Build.0 = Debug|Any CPU
		{EB2F089D-54D4-E67E-8460-74CD7408912C}.Release|Any CPU.ActiveCfg = Release|Any CPU
		{EB2F089D-54D4-E67E-8460-74CD7408912C}.Release|Any CPU.Build.0 = Release|Any CPU
		{1D062CE0-4800-D957-592F-7728407547EA}.Debug|Any CPU.ActiveCfg = Debug|Any CPU
		{1D062CE0-4800-D957-592F-7728407547EA}.Debug|Any CPU.Build.0 = Debug|Any CPU
		{1D062CE0-4800-D957-592F-7728407547EA}.Release|Any CPU.ActiveCfg = Release|Any CPU
		{1D062CE0-4800-D957-592F-7728407547EA}.Release|Any CPU.Build.0 = Release|Any CPU
		{5DB58A30-BA06-1807-5571-F22569B984AA}.Debug|Any CPU.ActiveCfg = Debug|Any CPU
		{5DB58A30-BA06-1807-5571-F22569B984AA}.Debug|Any CPU.Build.0 = Debug|Any CPU
		{5DB58A30-BA06-1807-5571-F22569B984AA}.Release|Any CPU.ActiveCfg = Release|Any CPU
		{5DB58A30-BA06-1807-5571-F22569B984AA}.Release|Any CPU.Build.0 = Release|Any CPU
		{89747EFA-6D19-8A95-DA67-18587BBA30E5}.Debug|Any CPU.ActiveCfg = Debug|Any CPU
		{89747EFA-6D19-8A95-DA67-18587BBA30E5}.Debug|Any CPU.Build.0 = Debug|Any CPU
		{89747EFA-6D19-8A95-DA67-18587BBA30E5}.Release|Any CPU.ActiveCfg = Release|Any CPU
		{89747EFA-6D19-8A95-DA67-18587BBA30E5}.Release|Any CPU.Build.0 = Release|Any CPU
		{E85004EE-58BF-25BB-52C3-0D7A81FE1D56}.Debug|Any CPU.ActiveCfg = Debug|Any CPU
		{E85004EE-58BF-25BB-52C3-0D7A81FE1D56}.Debug|Any CPU.Build.0 = Debug|Any CPU
		{E85004EE-58BF-25BB-52C3-0D7A81FE1D56}.Release|Any CPU.ActiveCfg = Release|Any CPU
		{E85004EE-58BF-25BB-52C3-0D7A81FE1D56}.Release|Any CPU.Build.0 = Release|Any CPU
		{D318D18B-562E-C367-817D-F1F19212465B}.Debug|Any CPU.ActiveCfg = Debug|Any CPU
		{D318D18B-562E-C367-817D-F1F19212465B}.Debug|Any CPU.Build.0 = Debug|Any CPU
		{D318D18B-562E-C367-817D-F1F19212465B}.Release|Any CPU.ActiveCfg = Release|Any CPU
		{D318D18B-562E-C367-817D-F1F19212465B}.Release|Any CPU.Build.0 = Release|Any CPU
		{E6B9C452-BE31-B4BA-D8FB-B2F9E4AA6298}.Debug|Any CPU.ActiveCfg = Debug|Any CPU
		{E6B9C452-BE31-B4BA-D8FB-B2F9E4AA6298}.Debug|Any CPU.Build.0 = Debug|Any CPU
		{E6B9C452-BE31-B4BA-D8FB-B2F9E4AA6298}.Release|Any CPU.ActiveCfg = Release|Any CPU
		{E6B9C452-BE31-B4BA-D8FB-B2F9E4AA6298}.Release|Any CPU.Build.0 = Release|Any CPU
		{0AAAC3C2-2E3E-7904-A881-32906DE6F7FC}.Debug|Any CPU.ActiveCfg = Debug|Any CPU
		{0AAAC3C2-2E3E-7904-A881-32906DE6F7FC}.Debug|Any CPU.Build.0 = Debug|Any CPU
		{0AAAC3C2-2E3E-7904-A881-32906DE6F7FC}.Release|Any CPU.ActiveCfg = Release|Any CPU
		{0AAAC3C2-2E3E-7904-A881-32906DE6F7FC}.Release|Any CPU.Build.0 = Release|Any CPU
		{4E6D87B4-8181-5040-77B1-8C3469BD4DDC}.Debug|Any CPU.ActiveCfg = Debug|Any CPU
		{4E6D87B4-8181-5040-77B1-8C3469BD4DDC}.Debug|Any CPU.Build.0 = Debug|Any CPU
		{4E6D87B4-8181-5040-77B1-8C3469BD4DDC}.Release|Any CPU.ActiveCfg = Release|Any CPU
		{4E6D87B4-8181-5040-77B1-8C3469BD4DDC}.Release|Any CPU.Build.0 = Release|Any CPU
		{0A7593A8-F49D-4F45-8230-5211F56631C4}.Debug|Any CPU.ActiveCfg = Debug|Any CPU
		{0A7593A8-F49D-4F45-8230-5211F56631C4}.Debug|Any CPU.Build.0 = Debug|Any CPU
		{0A7593A8-F49D-4F45-8230-5211F56631C4}.Release|Any CPU.ActiveCfg = Release|Any CPU
		{0A7593A8-F49D-4F45-8230-5211F56631C4}.Release|Any CPU.Build.0 = Release|Any CPU
		{0C4C44C5-A639-3190-4831-EAC3D4C6D8B4}.Debug|Any CPU.ActiveCfg = Debug|Any CPU
		{0C4C44C5-A639-3190-4831-EAC3D4C6D8B4}.Debug|Any CPU.Build.0 = Debug|Any CPU
		{0C4C44C5-A639-3190-4831-EAC3D4C6D8B4}.Release|Any CPU.ActiveCfg = Release|Any CPU
		{0C4C44C5-A639-3190-4831-EAC3D4C6D8B4}.Release|Any CPU.Build.0 = Release|Any CPU
		{5738A2BB-2B6E-3182-709D-CFE7A80F5A8E}.Debug|Any CPU.ActiveCfg = Debug|Any CPU
		{5738A2BB-2B6E-3182-709D-CFE7A80F5A8E}.Debug|Any CPU.Build.0 = Debug|Any CPU
		{5738A2BB-2B6E-3182-709D-CFE7A80F5A8E}.Release|Any CPU.ActiveCfg = Release|Any CPU
		{5738A2BB-2B6E-3182-709D-CFE7A80F5A8E}.Release|Any CPU.Build.0 = Release|Any CPU
		{88744D6C-7E49-72B7-87B8-B8AA0BC7F18F}.Debug|Any CPU.ActiveCfg = Debug|Any CPU
		{88744D6C-7E49-72B7-87B8-B8AA0BC7F18F}.Debug|Any CPU.Build.0 = Debug|Any CPU
		{88744D6C-7E49-72B7-87B8-B8AA0BC7F18F}.Release|Any CPU.ActiveCfg = Release|Any CPU
		{88744D6C-7E49-72B7-87B8-B8AA0BC7F18F}.Release|Any CPU.Build.0 = Release|Any CPU
		{C9855129-82B8-84B7-6FAD-87E5CDBBA225}.Debug|Any CPU.ActiveCfg = Debug|Any CPU
		{C9855129-82B8-84B7-6FAD-87E5CDBBA225}.Debug|Any CPU.Build.0 = Debug|Any CPU
		{C9855129-82B8-84B7-6FAD-87E5CDBBA225}.Release|Any CPU.ActiveCfg = Release|Any CPU
		{C9855129-82B8-84B7-6FAD-87E5CDBBA225}.Release|Any CPU.Build.0 = Release|Any CPU
		{C8454D79-3FC0-5ED2-C1DA-58B31341A52F}.Debug|Any CPU.ActiveCfg = Debug|Any CPU
		{C8454D79-3FC0-5ED2-C1DA-58B31341A52F}.Debug|Any CPU.Build.0 = Debug|Any CPU
		{C8454D79-3FC0-5ED2-C1DA-58B31341A52F}.Release|Any CPU.ActiveCfg = Release|Any CPU
		{C8454D79-3FC0-5ED2-C1DA-58B31341A52F}.Release|Any CPU.Build.0 = Release|Any CPU
		{41F10561-6C86-71C9-485F-37025E9BC846}.Debug|Any CPU.ActiveCfg = Debug|Any CPU
		{41F10561-6C86-71C9-485F-37025E9BC846}.Debug|Any CPU.Build.0 = Debug|Any CPU
		{41F10561-6C86-71C9-485F-37025E9BC846}.Release|Any CPU.ActiveCfg = Release|Any CPU
		{41F10561-6C86-71C9-485F-37025E9BC846}.Release|Any CPU.Build.0 = Release|Any CPU
	EndGlobalSection
	GlobalSection(SolutionProperties) = preSolution
		HideSolutionNode = FALSE
	EndGlobalSection
EndGlobal
