
Microsoft Visual Studio Solution File, Format Version 12.00
# Visual Studio 15
Project("{FAE04EC0-301F-11D3-BF4B-00C04F79EFBC}") = "Unity.Timeline", "Unity.Timeline.csproj", "{46CF0F32-D39D-75E4-7236-747E44BAC54B}"
EndProject
Project("{FAE04EC0-301F-11D3-BF4B-00C04F79EFBC}") = "Unity.Timeline.Editor", "Unity.Timeline.Editor.csproj", "{347FBAF6-D4DD-A815-36F5-098A83FDD151}"
EndProject
Project("{FAE04EC0-301F-11D3-BF4B-00C04F79EFBC}") = "Unity.TextMeshPro.Editor", "Unity.TextMeshPro.Editor.csproj", "{B674A350-927F-F1A9-B614-BE3B48EE2212}"
EndProject
Project("{FAE04EC0-301F-11D3-BF4B-00C04F79EFBC}") = "Unity.VisualScripting.Flow", "Unity.VisualScripting.Flow.csproj", "{2B824054-7F52-CB7E-FA47-E834AE4DC5F5}"
EndProject
Project("{FAE04EC0-301F-11D3-BF4B-00C04F79EFBC}") = "UnityEditor.UI", "UnityEditor.UI.csproj", "{F02EA109-FA75-7B3A-83EC-F250B4061B0F}"
EndProject
Project("{FAE04EC0-301F-11D3-BF4B-00C04F79EFBC}") = "Unity.PlasticSCM.Editor", "Unity.PlasticSCM.Editor.csproj", "{B0ED16AF-EF6E-EEFD-F38A-D9B16A38C830}"
EndProject
Project("{FAE04EC0-301F-11D3-BF4B-00C04F79EFBC}") = "Unity.VisualScripting.Core", "Unity.VisualScripting.Core.csproj", "{829FB1C7-8E64-09D6-F5CA-9EAE9B7F0587}"
EndProject
Project("{FAE04EC0-301F-11D3-BF4B-00C04F79EFBC}") = "Unity.VisualScripting.Core.Editor", "Unity.VisualScripting.Core.Editor.csproj", "{C90EA285-35DB-0346-C03D-1E5D44D2C4EF}"
EndProject
Project("{FAE04EC0-301F-11D3-BF4B-00C04F79EFBC}") = "Unity.VisualScripting.Flow.Editor", "Unity.VisualScripting.Flow.Editor.csproj", "{FC949FEC-F3F8-FD80-A68F-71879668CE85}"
EndProject
Project("{FAE04EC0-301F-11D3-BF4B-00C04F79EFBC}") = "UnityEditor.TestRunner", "UnityEditor.TestRunner.csproj", "{1EEAA8E9-564C-4CED-507E-EC7DB72B515D}"
EndProject
Project("{FAE04EC0-301F-11D3-BF4B-00C04F79EFBC}") = "NavMeshComponents", "NavMeshComponents.csproj", "{B9D9A44E-D60B-7F5D-3F8F-9EA64D43D642}"
EndProject
Project("{FAE04EC0-301F-11D3-BF4B-00C04F79EFBC}") = "Unity.VisualScripting.SettingsProvider.Editor", "Unity.VisualScripting.SettingsProvider.Editor.csproj", "{43179940-210E-7BEB-8855-19A74A4E7C65}"
EndProject
Project("{FAE04EC0-301F-11D3-BF4B-00C04F79EFBC}") = "UnityEngine.TestRunner", "UnityEngine.TestRunner.csproj", "{676CCF5A-A698-8DD7-6CD7-13E72F114538}"
EndProject
Project("{FAE04EC0-301F-11D3-BF4B-00C04F79EFBC}") = "UnityEngine.UI", "UnityEngine.UI.csproj", "{F1EF9DEC-1D4A-A31D-DE78-3662AEC4370E}"
EndProject
Project("{FAE04EC0-301F-11D3-BF4B-00C04F79EFBC}") = "Unity.AI.Navigation.Editor", "Unity.AI.Navigation.Editor.csproj", "{8830D207-90D3-4A2C-0199-F551F762212A}"
EndProject
Project("{FAE04EC0-301F-11D3-BF4B-00C04F79EFBC}") = "Unity.VisualStudio.Editor", "Unity.VisualStudio.Editor.csproj", "{6B98F0CF-5B42-198A-22E9-E58EB0926275}"
EndProject
Project("{FAE04EC0-301F-11D3-BF4B-00C04F79EFBC}") = "Unity.TestTools.CodeCoverage.Editor.OpenCover.Model", "Unity.TestTools.CodeCoverage.Editor.OpenCover.Model.csproj", "{67089911-F2EF-5692-6D40-8A839CB0839A}"
EndProject
Project("{FAE04EC0-301F-11D3-BF4B-00C04F79EFBC}") = "Unity.Rider.Editor", "Unity.Rider.Editor.csproj", "{200FAADC-318C-E7DA-0E20-CC85A8BA27EA}"
EndProject
Project("{FAE04EC0-301F-11D3-BF4B-00C04F79EFBC}") = "Unity.AI.Navigation", "Unity.AI.Navigation.csproj", "{E137EE78-ADAB-8F5D-53EC-4A45F8C24297}"
EndProject
Project("{FAE04EC0-301F-11D3-BF4B-00C04F79EFBC}") = "Unity.AI.Navigation.Editor.ConversionSystem", "Unity.AI.Navigation.Editor.ConversionSystem.csproj", "{326775A3-12E0-5C6A-8E04-5060F110744E}"
EndProject
Project("{FAE04EC0-301F-11D3-BF4B-00C04F79EFBC}") = "Unity.VisualScripting.State.Editor", "Unity.VisualScripting.State.Editor.csproj", "{0ECF33F9-C77E-CE02-37D2-548379A333CD}"
EndProject
Project("{FAE04EC0-301F-11D3-BF4B-00C04F79EFBC}") = "Unity.TestTools.CodeCoverage.Editor", "Unity.TestTools.CodeCoverage.Editor.csproj", "{EB721BC7-254B-864F-48F0-6572A9D009A8}"
EndProject
Project("{FAE04EC0-301F-11D3-BF4B-00C04F79EFBC}") = "Unity.VisualScripting.State", "Unity.VisualScripting.State.csproj", "{A823759F-BD00-DD36-CC47-D23FDB781037}"
EndProject
Project("{FAE04EC0-301F-11D3-BF4B-00C04F79EFBC}") = "Assembly-CSharp", "Assembly-CSharp.csproj", "{76F279E9-2E7A-17FE-5FE8-BF5BB315EE82}"
EndProject
Project("{FAE04EC0-301F-11D3-BF4B-00C04F79EFBC}") = "Unity.TextMeshPro", "Unity.TextMeshPro.csproj", "{FBB766B3-1FE5-A6F3-56C2-299FC6D465C3}"
EndProject
Project("{FAE04EC0-301F-11D3-BF4B-00C04F79EFBC}") = "Unity.Performance.Profile-Analyzer.Editor", "Unity.Performance.Profile-Analyzer.Editor.csproj", "{BD7B6CAC-C4D9-6902-D1B3-3D2D68BDD523}"
EndProject
Project("{FAE04EC0-301F-11D3-BF4B-00C04F79EFBC}") = "Unity.VSCode.Editor", "Unity.VSCode.Editor.csproj", "{E6742E72-C552-948F-2964-360F89474C9A}"
EndProject
Project("{FAE04EC0-301F-11D3-BF4B-00C04F79EFBC}") = "Unity.TestTools.CodeCoverage.Editor.OpenCover.Mono.Reflection", "Unity.TestTools.CodeCoverage.Editor.OpenCover.Mono.Reflection.csproj", "{7373A0A0-6550-84BB-8FEF-55A3C3AC8089}"
EndProject
Project("{FAE04EC0-301F-11D3-BF4B-00C04F79EFBC}") = "Unity.AI.Navigation.Updater", "Unity.AI.Navigation.Updater.csproj", "{FA77DDAB-21F3-1032-C9B2-31CE1E48A6F9}"
EndProject
Project("{FAE04EC0-301F-11D3-BF4B-00C04F79EFBC}") = "NavMeshComponentsEditor", "NavMeshComponentsEditor.csproj", "{2644D888-ADA3-0C09-4AB5-5514875BDF39}"
EndProject
Project("{FAE04EC0-301F-11D3-BF4B-00C04F79EFBC}") = "Unity.Settings.Editor", "Unity.Settings.Editor.csproj", "{3351B54B-30C4-C8F1-E6B7-0FAA1AD0FE7A}"
EndProject
Project("{FAE04EC0-301F-11D3-BF4B-00C04F79EFBC}") = "Unity.EditorCoroutines.Editor", "Unity.EditorCoroutines.Editor.csproj", "{80AA40D7-B2D0-5401-8958-0097CEA119A9}"
EndProject
Project("{FAE04EC0-301F-11D3-BF4B-00C04F79EFBC}") = "Unity.VisualScripting.Shared.Editor", "Unity.VisualScripting.Shared.Editor.csproj", "{3794A13B-940F-4D01-9F42-19CECC89519B}"
EndProject
Project("{FAE04EC0-301F-11D3-BF4B-00C04F79EFBC}") = "Unity.CollabProxy.Editor", "Unity.CollabProxy.Editor.csproj", "{C5F28B46-C9A2-CFB2-A30E-3BF56408270D}"
EndProject
Project("{FAE04EC0-301F-11D3-BF4B-00C04F79EFBC}") = "Unity.Timeline", "Unity.Timeline.Player.csproj", "{F7094C07-03AE-B2D8-5E3B-730BF48E672B}"
EndProject
Project("{FAE04EC0-301F-11D3-BF4B-00C04F79EFBC}") = "Unity.VisualScripting.Flow", "Unity.VisualScripting.Flow.Player.csproj", "{2CBA6F11-D76D-53B4-69B9-98C328F988B4}"
EndProject
Project("{FAE04EC0-301F-11D3-BF4B-00C04F79EFBC}") = "Unity.VisualScripting.Core", "Unity.VisualScripting.Core.Player.csproj", "{4E598D18-F8B1-EB99-2511-2BF2316B9FE7}"
EndProject
Project("{FAE04EC0-301F-11D3-BF4B-00C04F79EFBC}") = "NavMeshComponents", "NavMeshComponents.Player.csproj", "{50E31C27-798A-BDE6-2F32-1484893356AC}"
EndProject
Project("{FAE04EC0-301F-11D3-BF4B-00C04F79EFBC}") = "UnityEngine.TestRunner", "UnityEngine.TestRunner.Player.csproj", "{5F4BCCAA-4066-4578-E9FD-7D57D7667319}"
EndProject
Project("{FAE04EC0-301F-11D3-BF4B-00C04F79EFBC}") = "UnityEngine.UI", "UnityEngine.UI.Player.csproj", "{23900AFC-311A-1721-2C12-15F2B6314DD2}"
EndProject
Project("{FAE04EC0-301F-11D3-BF4B-00C04F79EFBC}") = "Unity.AI.Navigation", "Unity.AI.Navigation.Player.csproj", "{47E52EE3-7196-1787-9AE4-D893832C4D84}"
EndProject
Project("{FAE04EC0-301F-11D3-BF4B-00C04F79EFBC}") = "Unity.VisualScripting.State", "Unity.VisualScripting.State.Player.csproj", "{543B4D2D-1D9B-A02F-C64F-A5999EDD1A37}"
EndProject
Project("{FAE04EC0-301F-11D3-BF4B-00C04F79EFBC}") = "Assembly-CSharp", "Assembly-CSharp.Player.csproj", "{1BCA6637-0679-EB4A-B54A-79D05EAF18F4}"
EndProject
Project("{FAE04EC0-301F-11D3-BF4B-00C04F79EFBC}") = "Unity.TextMeshPro", "Unity.TextMeshPro.Player.csproj", "{5BD571DA-16CF-F7CF-203D-6E58547785A5}"
EndProject
Global
	GlobalSection(SolutionConfigurationPlatforms) = preSolution
		Debug|Any CPU = Debug|Any CPU
		Release|Any CPU = Release|Any CPU
	EndGlobalSection
	GlobalSection(ProjectConfigurationPlatforms) = postSolution
		{46CF0F32-D39D-75E4-7236-747E44BAC54B}.Debug|Any CPU.ActiveCfg = Debug|Any CPU
		{46CF0F32-D39D-75E4-7236-747E44BAC54B}.Debug|Any CPU.Build.0 = Debug|Any CPU
		{46CF0F32-D39D-75E4-7236-747E44BAC54B}.Release|Any CPU.ActiveCfg = Release|Any CPU
		{46CF0F32-D39D-75E4-7236-747E44BAC54B}.Release|Any CPU.Build.0 = Release|Any CPU
		{347FBAF6-D4DD-A815-36F5-098A83FDD151}.Debug|Any CPU.ActiveCfg = Debug|Any CPU
		{347FBAF6-D4DD-A815-36F5-098A83FDD151}.Debug|Any CPU.Build.0 = Debug|Any CPU
		{347FBAF6-D4DD-A815-36F5-098A83FDD151}.Release|Any CPU.ActiveCfg = Release|Any CPU
		{347FBAF6-D4DD-A815-36F5-098A83FDD151}.Release|Any CPU.Build.0 = Release|Any CPU
		{B674A350-927F-F1A9-B614-BE3B48EE2212}.Debug|Any CPU.ActiveCfg = Debug|Any CPU
		{B674A350-927F-F1A9-B614-BE3B48EE2212}.Debug|Any CPU.Build.0 = Debug|Any CPU
		{B674A350-927F-F1A9-B614-BE3B48EE2212}.Release|Any CPU.ActiveCfg = Release|Any CPU
		{B674A350-927F-F1A9-B614-BE3B48EE2212}.Release|Any CPU.Build.0 = Release|Any CPU
		{2B824054-7F52-CB7E-FA47-E834AE4DC5F5}.Debug|Any CPU.ActiveCfg = Debug|Any CPU
		{2B824054-7F52-CB7E-FA47-E834AE4DC5F5}.Debug|Any CPU.Build.0 = Debug|Any CPU
		{2B824054-7F52-CB7E-FA47-E834AE4DC5F5}.Release|Any CPU.ActiveCfg = Release|Any CPU
		{2B824054-7F52-CB7E-FA47-E834AE4DC5F5}.Release|Any CPU.Build.0 = Release|Any CPU
		{F02EA109-FA75-7B3A-83EC-F250B4061B0F}.Debug|Any CPU.ActiveCfg = Debug|Any CPU
		{F02EA109-FA75-7B3A-83EC-F250B4061B0F}.Debug|Any CPU.Build.0 = Debug|Any CPU
		{F02EA109-FA75-7B3A-83EC-F250B4061B0F}.Release|Any CPU.ActiveCfg = Release|Any CPU
		{F02EA109-FA75-7B3A-83EC-F250B4061B0F}.Release|Any CPU.Build.0 = Release|Any CPU
		{B0ED16AF-EF6E-EEFD-F38A-D9B16A38C830}.Debug|Any CPU.ActiveCfg = Debug|Any CPU
		{B0ED16AF-EF6E-EEFD-F38A-D9B16A38C830}.Debug|Any CPU.Build.0 = Debug|Any CPU
		{B0ED16AF-EF6E-EEFD-F38A-D9B16A38C830}.Release|Any CPU.ActiveCfg = Release|Any CPU
		{B0ED16AF-EF6E-EEFD-F38A-D9B16A38C830}.Release|Any CPU.Build.0 = Release|Any CPU
		{829FB1C7-8E64-09D6-F5CA-9EAE9B7F0587}.Debug|Any CPU.ActiveCfg = Debug|Any CPU
		{829FB1C7-8E64-09D6-F5CA-9EAE9B7F0587}.Debug|Any CPU.Build.0 = Debug|Any CPU
		{829FB1C7-8E64-09D6-F5CA-9EAE9B7F0587}.Release|Any CPU.ActiveCfg = Release|Any CPU
		{829FB1C7-8E64-09D6-F5CA-9EAE9B7F0587}.Release|Any CPU.Build.0 = Release|Any CPU
		{C90EA285-35DB-0346-C03D-1E5D44D2C4EF}.Debug|Any CPU.ActiveCfg = Debug|Any CPU
		{C90EA285-35DB-0346-C03D-1E5D44D2C4EF}.Debug|Any CPU.Build.0 = Debug|Any CPU
		{C90EA285-35DB-0346-C03D-1E5D44D2C4EF}.Release|Any CPU.ActiveCfg = Release|Any CPU
		{C90EA285-35DB-0346-C03D-1E5D44D2C4EF}.Release|Any CPU.Build.0 = Release|Any CPU
		{FC949FEC-F3F8-FD80-A68F-71879668CE85}.Debug|Any CPU.ActiveCfg = Debug|Any CPU
		{FC949FEC-F3F8-FD80-A68F-71879668CE85}.Debug|Any CPU.Build.0 = Debug|Any CPU
		{FC949FEC-F3F8-FD80-A68F-71879668CE85}.Release|Any CPU.ActiveCfg = Release|Any CPU
		{FC949FEC-F3F8-FD80-A68F-71879668CE85}.Release|Any CPU.Build.0 = Release|Any CPU
		{1EEAA8E9-564C-4CED-507E-EC7DB72B515D}.Debug|Any CPU.ActiveCfg = Debug|Any CPU
		{1EEAA8E9-564C-4CED-507E-EC7DB72B515D}.Debug|Any CPU.Build.0 = Debug|Any CPU
		{1EEAA8E9-564C-4CED-507E-EC7DB72B515D}.Release|Any CPU.ActiveCfg = Release|Any CPU
		{1EEAA8E9-564C-4CED-507E-EC7DB72B515D}.Release|Any CPU.Build.0 = Release|Any CPU
		{B9D9A44E-D60B-7F5D-3F8F-9EA64D43D642}.Debug|Any CPU.ActiveCfg = Debug|Any CPU
		{B9D9A44E-D60B-7F5D-3F8F-9EA64D43D642}.Debug|Any CPU.Build.0 = Debug|Any CPU
		{B9D9A44E-D60B-7F5D-3F8F-9EA64D43D642}.Release|Any CPU.ActiveCfg = Release|Any CPU
		{B9D9A44E-D60B-7F5D-3F8F-9EA64D43D642}.Release|Any CPU.Build.0 = Release|Any CPU
		{43179940-210E-7BEB-8855-19A74A4E7C65}.Debug|Any CPU.ActiveCfg = Debug|Any CPU
		{43179940-210E-7BEB-8855-19A74A4E7C65}.Debug|Any CPU.Build.0 = Debug|Any CPU
		{43179940-210E-7BEB-8855-19A74A4E7C65}.Release|Any CPU.ActiveCfg = Release|Any CPU
		{43179940-210E-7BEB-8855-19A74A4E7C65}.Release|Any CPU.Build.0 = Release|Any CPU
		{676CCF5A-A698-8DD7-6CD7-13E72F114538}.Debug|Any CPU.ActiveCfg = Debug|Any CPU
		{676CCF5A-A698-8DD7-6CD7-13E72F114538}.Debug|Any CPU.Build.0 = Debug|Any CPU
		{676CCF5A-A698-8DD7-6CD7-13E72F114538}.Release|Any CPU.ActiveCfg = Release|Any CPU
		{676CCF5A-A698-8DD7-6CD7-13E72F114538}.Release|Any CPU.Build.0 = Release|Any CPU
		{F1EF9DEC-1D4A-A31D-DE78-3662AEC4370E}.Debug|Any CPU.ActiveCfg = Debug|Any CPU
		{F1EF9DEC-1D4A-A31D-DE78-3662AEC4370E}.Debug|Any CPU.Build.0 = Debug|Any CPU
		{F1EF9DEC-1D4A-A31D-DE78-3662AEC4370E}.Release|Any CPU.ActiveCfg = Release|Any CPU
		{F1EF9DEC-1D4A-A31D-DE78-3662AEC4370E}.Release|Any CPU.Build.0 = Release|Any CPU
		{8830D207-90D3-4A2C-0199-F551F762212A}.Debug|Any CPU.ActiveCfg = Debug|Any CPU
		{8830D207-90D3-4A2C-0199-F551F762212A}.Debug|Any CPU.Build.0 = Debug|Any CPU
		{8830D207-90D3-4A2C-0199-F551F762212A}.Release|Any CPU.ActiveCfg = Release|Any CPU
		{8830D207-90D3-4A2C-0199-F551F762212A}.Release|Any CPU.Build.0 = Release|Any CPU
		{6B98F0CF-5B42-198A-22E9-E58EB0926275}.Debug|Any CPU.ActiveCfg = Debug|Any CPU
		{6B98F0CF-5B42-198A-22E9-E58EB0926275}.Debug|Any CPU.Build.0 = Debug|Any CPU
		{6B98F0CF-5B42-198A-22E9-E58EB0926275}.Release|Any CPU.ActiveCfg = Release|Any CPU
		{6B98F0CF-5B42-198A-22E9-E58EB0926275}.Release|Any CPU.Build.0 = Release|Any CPU
		{67089911-F2EF-5692-6D40-8A839CB0839A}.Debug|Any CPU.ActiveCfg = Debug|Any CPU
		{67089911-F2EF-5692-6D40-8A839CB0839A}.Debug|Any CPU.Build.0 = Debug|Any CPU
		{67089911-F2EF-5692-6D40-8A839CB0839A}.Release|Any CPU.ActiveCfg = Release|Any CPU
		{67089911-F2EF-5692-6D40-8A839CB0839A}.Release|Any CPU.Build.0 = Release|Any CPU
		{200FAADC-318C-E7DA-0E20-CC85A8BA27EA}.Debug|Any CPU.ActiveCfg = Debug|Any CPU
		{200FAADC-318C-E7DA-0E20-CC85A8BA27EA}.Debug|Any CPU.Build.0 = Debug|Any CPU
		{200FAADC-318C-E7DA-0E20-CC85A8BA27EA}.Release|Any CPU.ActiveCfg = Release|Any CPU
		{200FAADC-318C-E7DA-0E20-CC85A8BA27EA}.Release|Any CPU.Build.0 = Release|Any CPU
		{E137EE78-ADAB-8F5D-53EC-4A45F8C24297}.Debug|Any CPU.ActiveCfg = Debug|Any CPU
		{E137EE78-ADAB-8F5D-53EC-4A45F8C24297}.Debug|Any CPU.Build.0 = Debug|Any CPU
		{E137EE78-ADAB-8F5D-53EC-4A45F8C24297}.Release|Any CPU.ActiveCfg = Release|Any CPU
		{E137EE78-ADAB-8F5D-53EC-4A45F8C24297}.Release|Any CPU.Build.0 = Release|Any CPU
		{326775A3-12E0-5C6A-8E04-5060F110744E}.Debug|Any CPU.ActiveCfg = Debug|Any CPU
		{326775A3-12E0-5C6A-8E04-5060F110744E}.Debug|Any CPU.Build.0 = Debug|Any CPU
		{326775A3-12E0-5C6A-8E04-5060F110744E}.Release|Any CPU.ActiveCfg = Release|Any CPU
		{326775A3-12E0-5C6A-8E04-5060F110744E}.Release|Any CPU.Build.0 = Release|Any CPU
		{0ECF33F9-C77E-CE02-37D2-548379A333CD}.Debug|Any CPU.ActiveCfg = Debug|Any CPU
		{0ECF33F9-C77E-CE02-37D2-548379A333CD}.Debug|Any CPU.Build.0 = Debug|Any CPU
		{0ECF33F9-C77E-CE02-37D2-548379A333CD}.Release|Any CPU.ActiveCfg = Release|Any CPU
		{0ECF33F9-C77E-CE02-37D2-548379A333CD}.Release|Any CPU.Build.0 = Release|Any CPU
		{EB721BC7-254B-864F-48F0-6572A9D009A8}.Debug|Any CPU.ActiveCfg = Debug|Any CPU
		{EB721BC7-254B-864F-48F0-6572A9D009A8}.Debug|Any CPU.Build.0 = Debug|Any CPU
		{EB721BC7-254B-864F-48F0-6572A9D009A8}.Release|Any CPU.ActiveCfg = Release|Any CPU
		{EB721BC7-254B-864F-48F0-6572A9D009A8}.Release|Any CPU.Build.0 = Release|Any CPU
		{A823759F-BD00-DD36-CC47-D23FDB781037}.Debug|Any CPU.ActiveCfg = Debug|Any CPU
		{A823759F-BD00-DD36-CC47-D23FDB781037}.Debug|Any CPU.Build.0 = Debug|Any CPU
		{A823759F-BD00-DD36-CC47-D23FDB781037}.Release|Any CPU.ActiveCfg = Release|Any CPU
		{A823759F-BD00-DD36-CC47-D23FDB781037}.Release|Any CPU.Build.0 = Release|Any CPU
		{76F279E9-2E7A-17FE-5FE8-BF5BB315EE82}.Debug|Any CPU.ActiveCfg = Debug|Any CPU
		{76F279E9-2E7A-17FE-5FE8-BF5BB315EE82}.Debug|Any CPU.Build.0 = Debug|Any CPU
		{76F279E9-2E7A-17FE-5FE8-BF5BB315EE82}.Release|Any CPU.ActiveCfg = Release|Any CPU
		{76F279E9-2E7A-17FE-5FE8-BF5BB315EE82}.Release|Any CPU.Build.0 = Release|Any CPU
		{FBB766B3-1FE5-A6F3-56C2-299FC6D465C3}.Debug|Any CPU.ActiveCfg = Debug|Any CPU
		{FBB766B3-1FE5-A6F3-56C2-299FC6D465C3}.Debug|Any CPU.Build.0 = Debug|Any CPU
		{FBB766B3-1FE5-A6F3-56C2-299FC6D465C3}.Release|Any CPU.ActiveCfg = Release|Any CPU
		{FBB766B3-1FE5-A6F3-56C2-299FC6D465C3}.Release|Any CPU.Build.0 = Release|Any CPU
		{BD7B6CAC-C4D9-6902-D1B3-3D2D68BDD523}.Debug|Any CPU.ActiveCfg = Debug|Any CPU
		{BD7B6CAC-C4D9-6902-D1B3-3D2D68BDD523}.Debug|Any CPU.Build.0 = Debug|Any CPU
		{BD7B6CAC-C4D9-6902-D1B3-3D2D68BDD523}.Release|Any CPU.ActiveCfg = Release|Any CPU
		{BD7B6CAC-C4D9-6902-D1B3-3D2D68BDD523}.Release|Any CPU.Build.0 = Release|Any CPU
		{E6742E72-C552-948F-2964-360F89474C9A}.Debug|Any CPU.ActiveCfg = Debug|Any CPU
		{E6742E72-C552-948F-2964-360F89474C9A}.Debug|Any CPU.Build.0 = Debug|Any CPU
		{E6742E72-C552-948F-2964-360F89474C9A}.Release|Any CPU.ActiveCfg = Release|Any CPU
		{E6742E72-C552-948F-2964-360F89474C9A}.Release|Any CPU.Build.0 = Release|Any CPU
		{7373A0A0-6550-84BB-8FEF-55A3C3AC8089}.Debug|Any CPU.ActiveCfg = Debug|Any CPU
		{7373A0A0-6550-84BB-8FEF-55A3C3AC8089}.Debug|Any CPU.Build.0 = Debug|Any CPU
		{7373A0A0-6550-84BB-8FEF-55A3C3AC8089}.Release|Any CPU.ActiveCfg = Release|Any CPU
		{7373A0A0-6550-84BB-8FEF-55A3C3AC8089}.Release|Any CPU.Build.0 = Release|Any CPU
		{FA77DDAB-21F3-1032-C9B2-31CE1E48A6F9}.Debug|Any CPU.ActiveCfg = Debug|Any CPU
		{FA77DDAB-21F3-1032-C9B2-31CE1E48A6F9}.Debug|Any CPU.Build.0 = Debug|Any CPU
		{FA77DDAB-21F3-1032-C9B2-31CE1E48A6F9}.Release|Any CPU.ActiveCfg = Release|Any CPU
		{FA77DDAB-21F3-1032-C9B2-31CE1E48A6F9}.Release|Any CPU.Build.0 = Release|Any CPU
		{2644D888-ADA3-0C09-4AB5-5514875BDF39}.Debug|Any CPU.ActiveCfg = Debug|Any CPU
		{2644D888-ADA3-0C09-4AB5-5514875BDF39}.Debug|Any CPU.Build.0 = Debug|Any CPU
		{2644D888-ADA3-0C09-4AB5-5514875BDF39}.Release|Any CPU.ActiveCfg = Release|Any CPU
		{2644D888-ADA3-0C09-4AB5-5514875BDF39}.Release|Any CPU.Build.0 = Release|Any CPU
		{3351B54B-30C4-C8F1-E6B7-0FAA1AD0FE7A}.Debug|Any CPU.ActiveCfg = Debug|Any CPU
		{3351B54B-30C4-C8F1-E6B7-0FAA1AD0FE7A}.Debug|Any CPU.Build.0 = Debug|Any CPU
		{3351B54B-30C4-C8F1-E6B7-0FAA1AD0FE7A}.Release|Any CPU.ActiveCfg = Release|Any CPU
		{3351B54B-30C4-C8F1-E6B7-0FAA1AD0FE7A}.Release|Any CPU.Build.0 = Release|Any CPU
		{80AA40D7-B2D0-5401-8958-0097CEA119A9}.Debug|Any CPU.ActiveCfg = Debug|Any CPU
		{80AA40D7-B2D0-5401-8958-0097CEA119A9}.Debug|Any CPU.Build.0 = Debug|Any CPU
		{80AA40D7-B2D0-5401-8958-0097CEA119A9}.Release|Any CPU.ActiveCfg = Release|Any CPU
		{80AA40D7-B2D0-5401-8958-0097CEA119A9}.Release|Any CPU.Build.0 = Release|Any CPU
		{3794A13B-940F-4D01-9F42-19CECC89519B}.Debug|Any CPU.ActiveCfg = Debug|Any CPU
		{3794A13B-940F-4D01-9F42-19CECC89519B}.Debug|Any CPU.Build.0 = Debug|Any CPU
		{3794A13B-940F-4D01-9F42-19CECC89519B}.Release|Any CPU.ActiveCfg = Release|Any CPU
		{3794A13B-940F-4D01-9F42-19CECC89519B}.Release|Any CPU.Build.0 = Release|Any CPU
		{C5F28B46-C9A2-CFB2-A30E-3BF56408270D}.Debug|Any CPU.ActiveCfg = Debug|Any CPU
		{C5F28B46-C9A2-CFB2-A30E-3BF56408270D}.Debug|Any CPU.Build.0 = Debug|Any CPU
		{C5F28B46-C9A2-CFB2-A30E-3BF56408270D}.Release|Any CPU.ActiveCfg = Release|Any CPU
		{C5F28B46-C9A2-CFB2-A30E-3BF56408270D}.Release|Any CPU.Build.0 = Release|Any CPU
		{F7094C07-03AE-B2D8-5E3B-730BF48E672B}.Debug|Any CPU.ActiveCfg = Debug|Any CPU
		{F7094C07-03AE-B2D8-5E3B-730BF48E672B}.Debug|Any CPU.Build.0 = Debug|Any CPU
		{F7094C07-03AE-B2D8-5E3B-730BF48E672B}.Release|Any CPU.ActiveCfg = Release|Any CPU
		{F7094C07-03AE-B2D8-5E3B-730BF48E672B}.Release|Any CPU.Build.0 = Release|Any CPU
		{2CBA6F11-D76D-53B4-69B9-98C328F988B4}.Debug|Any CPU.ActiveCfg = Debug|Any CPU
		{2CBA6F11-D76D-53B4-69B9-98C328F988B4}.Debug|Any CPU.Build.0 = Debug|Any CPU
		{2CBA6F11-D76D-53B4-69B9-98C328F988B4}.Release|Any CPU.ActiveCfg = Release|Any CPU
		{2CBA6F11-D76D-53B4-69B9-98C328F988B4}.Release|Any CPU.Build.0 = Release|Any CPU
		{4E598D18-F8B1-EB99-2511-2BF2316B9FE7}.Debug|Any CPU.ActiveCfg = Debug|Any CPU
		{4E598D18-F8B1-EB99-2511-2BF2316B9FE7}.Debug|Any CPU.Build.0 = Debug|Any CPU
		{4E598D18-F8B1-EB99-2511-2BF2316B9FE7}.Release|Any CPU.ActiveCfg = Release|Any CPU
		{4E598D18-F8B1-EB99-2511-2BF2316B9FE7}.Release|Any CPU.Build.0 = Release|Any CPU
		{50E31C27-798A-BDE6-2F32-1484893356AC}.Debug|Any CPU.ActiveCfg = Debug|Any CPU
		{50E31C27-798A-BDE6-2F32-1484893356AC}.Debug|Any CPU.Build.0 = Debug|Any CPU
		{50E31C27-798A-BDE6-2F32-1484893356AC}.Release|Any CPU.ActiveCfg = Release|Any CPU
		{50E31C27-798A-BDE6-2F32-1484893356AC}.Release|Any CPU.Build.0 = Release|Any CPU
		{5F4BCCAA-4066-4578-E9FD-7D57D7667319}.Debug|Any CPU.ActiveCfg = Debug|Any CPU
		{5F4BCCAA-4066-4578-E9FD-7D57D7667319}.Debug|Any CPU.Build.0 = Debug|Any CPU
		{5F4BCCAA-4066-4578-E9FD-7D57D7667319}.Release|Any CPU.ActiveCfg = Release|Any CPU
		{5F4BCCAA-4066-4578-E9FD-7D57D7667319}.Release|Any CPU.Build.0 = Release|Any CPU
		{23900AFC-311A-1721-2C12-15F2B6314DD2}.Debug|Any CPU.ActiveCfg = Debug|Any CPU
		{23900AFC-311A-1721-2C12-15F2B6314DD2}.Debug|Any CPU.Build.0 = Debug|Any CPU
		{23900AFC-311A-1721-2C12-15F2B6314DD2}.Release|Any CPU.ActiveCfg = Release|Any CPU
		{23900AFC-311A-1721-2C12-15F2B6314DD2}.Release|Any CPU.Build.0 = Release|Any CPU
		{47E52EE3-7196-1787-9AE4-D893832C4D84}.Debug|Any CPU.ActiveCfg = Debug|Any CPU
		{47E52EE3-7196-1787-9AE4-D893832C4D84}.Debug|Any CPU.Build.0 = Debug|Any CPU
		{47E52EE3-7196-1787-9AE4-D893832C4D84}.Release|Any CPU.ActiveCfg = Release|Any CPU
		{47E52EE3-7196-1787-9AE4-D893832C4D84}.Release|Any CPU.Build.0 = Release|Any CPU
		{543B4D2D-1D9B-A02F-C64F-A5999EDD1A37}.Debug|Any CPU.ActiveCfg = Debug|Any CPU
		{543B4D2D-1D9B-A02F-C64F-A5999EDD1A37}.Debug|Any CPU.Build.0 = Debug|Any CPU
		{543B4D2D-1D9B-A02F-C64F-A5999EDD1A37}.Release|Any CPU.ActiveCfg = Release|Any CPU
		{543B4D2D-1D9B-A02F-C64F-A5999EDD1A37}.Release|Any CPU.Build.0 = Release|Any CPU
		{1BCA6637-0679-EB4A-B54A-79D05EAF18F4}.Debug|Any CPU.ActiveCfg = Debug|Any CPU
		{1BCA6637-0679-EB4A-B54A-79D05EAF18F4}.Debug|Any CPU.Build.0 = Debug|Any CPU
		{1BCA6637-0679-EB4A-B54A-79D05EAF18F4}.Release|Any CPU.ActiveCfg = Release|Any CPU
		{1BCA6637-0679-EB4A-B54A-79D05EAF18F4}.Release|Any CPU.Build.0 = Release|Any CPU
		{5BD571DA-16CF-F7CF-203D-6E58547785A5}.Debug|Any CPU.ActiveCfg = Debug|Any CPU
		{5BD571DA-16CF-F7CF-203D-6E58547785A5}.Debug|Any CPU.Build.0 = Debug|Any CPU
		{5BD571DA-16CF-F7CF-203D-6E58547785A5}.Release|Any CPU.ActiveCfg = Release|Any CPU
		{5BD571DA-16CF-F7CF-203D-6E58547785A5}.Release|Any CPU.Build.0 = Release|Any CPU
	EndGlobalSection
	GlobalSection(SolutionProperties) = preSolution
		HideSolutionNode = FALSE
	EndGlobalSection
EndGlobal
