
Microsoft Visual Studio Solution File, Format Version 12.00
# Visual Studio 15
Project("{FAE04EC0-301F-11D3-BF4B-00C04F79EFBC}") = "Unity.Timeline", "Unity.Timeline.csproj", "{DD18D15B-D699-10A1-8F90-0C9900D4E7AC}"
EndProject
Project("{FAE04EC0-301F-11D3-BF4B-00C04F79EFBC}") = "Unity.Timeline.Editor", "Unity.Timeline.Editor.csproj", "{632DD93F-3BA4-CCB4-B380-193B7B2EEFD9}"
EndProject
Project("{FAE04EC0-301F-11D3-BF4B-00C04F79EFBC}") = "Unity.TextMeshPro.Editor", "Unity.TextMeshPro.Editor.csproj", "{A1BB4DD7-95DA-F477-E790-4A4BC292E6BB}"
EndProject
Project("{FAE04EC0-301F-11D3-BF4B-00C04F79EFBC}") = "Unity.VisualScripting.Flow", "Unity.VisualScripting.Flow.csproj", "{A56B67D8-9612-5049-A0B7-55156006A9A2}"
EndProject
Project("{FAE04EC0-301F-11D3-BF4B-00C04F79EFBC}") = "UnityEditor.UI", "UnityEditor.UI.csproj", "{2656F7CD-3383-AE35-8F7D-7C4EDC27BD68}"
EndProject
Project("{FAE04EC0-301F-11D3-BF4B-00C04F79EFBC}") = "Unity.PlasticSCM.Editor", "Unity.PlasticSCM.Editor.csproj", "{3D548D56-C220-84B7-969D-5591822DBBAA}"
EndProject
Project("{FAE04EC0-301F-11D3-BF4B-00C04F79EFBC}") = "Unity.VisualScripting.Core", "Unity.VisualScripting.Core.csproj", "{2567DFC8-AFF7-0710-B73A-19360A8BD858}"
EndProject
Project("{FAE04EC0-301F-11D3-BF4B-00C04F79EFBC}") = "Unity.VisualScripting.Core.Editor", "Unity.VisualScripting.Core.Editor.csproj", "{90D0AA71-6DA4-03F4-2C00-CC85CD1AF04D}"
EndProject
Project("{FAE04EC0-301F-11D3-BF4B-00C04F79EFBC}") = "Unity.VisualScripting.Flow.Editor", "Unity.VisualScripting.Flow.Editor.csproj", "{0C348593-9CD6-90CC-A2F7-84F7B470EB84}"
EndProject
Project("{FAE04EC0-301F-11D3-BF4B-00C04F79EFBC}") = "UnityEditor.TestRunner", "UnityEditor.TestRunner.csproj", "{7F4F2714-2996-61DA-E484-274C1F32D5EB}"
EndProject
Project("{FAE04EC0-301F-11D3-BF4B-00C04F79EFBC}") = "Unity.VisualScripting.SettingsProvider.Editor", "Unity.VisualScripting.SettingsProvider.Editor.csproj", "{2553112E-8F88-6D45-FF3C-CE078BAD1FE7}"
EndProject
Project("{FAE04EC0-301F-11D3-BF4B-00C04F79EFBC}") = "UnityEngine.TestRunner", "UnityEngine.TestRunner.csproj", "{047AB0E7-E5A5-E2D7-A5A9-381E0B83DA1D}"
EndProject
Project("{FAE04EC0-301F-11D3-BF4B-00C04F79EFBC}") = "UnityEngine.UI", "UnityEngine.UI.csproj", "{02C08825-30E5-E6FB-AD9D-3E0CB8CC0460}"
EndProject
Project("{FAE04EC0-301F-11D3-BF4B-00C04F79EFBC}") = "Unity.VisualStudio.Editor", "Unity.VisualStudio.Editor.csproj", "{B8952EBC-4A2E-CDF5-AE3B-765F191789CF}"
EndProject
Project("{FAE04EC0-301F-11D3-BF4B-00C04F79EFBC}") = "Unity.TestTools.CodeCoverage.Editor.OpenCover.Model", "Unity.TestTools.CodeCoverage.Editor.OpenCover.Model.csproj", "{96B1AA41-802D-ED68-3F7B-D8E76B8DBFA3}"
EndProject
Project("{FAE04EC0-301F-11D3-BF4B-00C04F79EFBC}") = "Unity.Rider.Editor", "Unity.Rider.Editor.csproj", "{2B8710CC-02CB-05F8-06AF-2C47C5B10C1E}"
EndProject
Project("{FAE04EC0-301F-11D3-BF4B-00C04F79EFBC}") = "Unity.VisualScripting.State.Editor", "Unity.VisualScripting.State.Editor.csproj", "{B3BA1C90-A4CE-F61C-434E-31757630516E}"
EndProject
Project("{FAE04EC0-301F-11D3-BF4B-00C04F79EFBC}") = "Unity.TestTools.CodeCoverage.Editor", "Unity.TestTools.CodeCoverage.Editor.csproj", "{FFF819C7-8742-531E-B098-9DF1F338FF0D}"
EndProject
Project("{FAE04EC0-301F-11D3-BF4B-00C04F79EFBC}") = "Unity.VisualScripting.State", "Unity.VisualScripting.State.csproj", "{8637856D-4E00-45E1-2769-93CA12C752C7}"
EndProject
Project("{FAE04EC0-301F-11D3-BF4B-00C04F79EFBC}") = "Assembly-CSharp", "Assembly-CSharp.csproj", "{4EA7E3B8-9F64-F0B2-444E-D3EF40EA55A1}"
EndProject
Project("{FAE04EC0-301F-11D3-BF4B-00C04F79EFBC}") = "Unity.TextMeshPro", "Unity.TextMeshPro.csproj", "{B433E0F6-94D1-54D0-9A80-4020E3A5995A}"
EndProject
Project("{FAE04EC0-301F-11D3-BF4B-00C04F79EFBC}") = "Unity.Performance.Profile-Analyzer.Editor", "Unity.Performance.Profile-Analyzer.Editor.csproj", "{29F3B185-1DCC-3717-B805-493205D74AA3}"
EndProject
Project("{FAE04EC0-301F-11D3-BF4B-00C04F79EFBC}") = "Unity.VSCode.Editor", "Unity.VSCode.Editor.csproj", "{26D08EED-6F38-107F-55A4-19B6CC33A586}"
EndProject
Project("{FAE04EC0-301F-11D3-BF4B-00C04F79EFBC}") = "Unity.TestTools.CodeCoverage.Editor.OpenCover.Mono.Reflection", "Unity.TestTools.CodeCoverage.Editor.OpenCover.Mono.Reflection.csproj", "{8263E733-0570-2A81-8DA1-CB06601B40E8}"
EndProject
Project("{FAE04EC0-301F-11D3-BF4B-00C04F79EFBC}") = "Unity.Settings.Editor", "Unity.Settings.Editor.csproj", "{B51E310F-8C87-A66C-96A9-54C86E780A85}"
EndProject
Project("{FAE04EC0-301F-11D3-BF4B-00C04F79EFBC}") = "Unity.EditorCoroutines.Editor", "Unity.EditorCoroutines.Editor.csproj", "{A77C3CAC-2EB4-6F97-FF39-F06F33E1BEC2}"
EndProject
Project("{FAE04EC0-301F-11D3-BF4B-00C04F79EFBC}") = "Unity.VisualScripting.Shared.Editor", "Unity.VisualScripting.Shared.Editor.csproj", "{14100FBD-2AA3-AED1-1232-FBD12135EA4A}"
EndProject
Project("{FAE04EC0-301F-11D3-BF4B-00C04F79EFBC}") = "Unity.CollabProxy.Editor", "Unity.CollabProxy.Editor.csproj", "{60FC24C4-B901-317F-9523-D612FE54D643}"
EndProject
Project("{FAE04EC0-301F-11D3-BF4B-00C04F79EFBC}") = "Unity.Timeline", "Unity.Timeline.Player.csproj", "{059F57E9-B4B2-B8A9-6F76-8CA69CFF81B9}"
EndProject
Project("{FAE04EC0-301F-11D3-BF4B-00C04F79EFBC}") = "Unity.VisualScripting.Flow", "Unity.VisualScripting.Flow.Player.csproj", "{3B19A270-28D4-CCD5-C314-6ECA414F67D9}"
EndProject
Project("{FAE04EC0-301F-11D3-BF4B-00C04F79EFBC}") = "Unity.VisualScripting.Core", "Unity.VisualScripting.Core.Player.csproj", "{267CB4C0-C97B-71A3-40A8-79A3D7E2E1C1}"
EndProject
Project("{FAE04EC0-301F-11D3-BF4B-00C04F79EFBC}") = "UnityEngine.TestRunner", "UnityEngine.TestRunner.Player.csproj", "{5EE2CAC0-F141-CCF9-7D70-66AB2B9DB9E7}"
EndProject
Project("{FAE04EC0-301F-11D3-BF4B-00C04F79EFBC}") = "UnityEngine.UI", "UnityEngine.UI.Player.csproj", "{CEC74A2A-8844-F066-CEEE-2160AF9F207E}"
EndProject
Project("{FAE04EC0-301F-11D3-BF4B-00C04F79EFBC}") = "Unity.VisualScripting.State", "Unity.VisualScripting.State.Player.csproj", "{8BD1F57D-F25E-AF37-0647-EBADD726D48A}"
EndProject
Project("{FAE04EC0-301F-11D3-BF4B-00C04F79EFBC}") = "Assembly-CSharp", "Assembly-CSharp.Player.csproj", "{0728D5AA-A66E-D34E-3EBB-2FD9847B5673}"
EndProject
Project("{FAE04EC0-301F-11D3-BF4B-00C04F79EFBC}") = "Unity.TextMeshPro", "Unity.TextMeshPro.Player.csproj", "{4555AD1C-2732-44E6-BC33-54135717419E}"
EndProject
Global
	GlobalSection(SolutionConfigurationPlatforms) = preSolution
		Debug|Any CPU = Debug|Any CPU
		Release|Any CPU = Release|Any CPU
	EndGlobalSection
	GlobalSection(ProjectConfigurationPlatforms) = postSolution
		{DD18D15B-D699-10A1-8F90-0C9900D4E7AC}.Debug|Any CPU.ActiveCfg = Debug|Any CPU
		{DD18D15B-D699-10A1-8F90-0C9900D4E7AC}.Debug|Any CPU.Build.0 = Debug|Any CPU
		{DD18D15B-D699-10A1-8F90-0C9900D4E7AC}.Release|Any CPU.ActiveCfg = Release|Any CPU
		{DD18D15B-D699-10A1-8F90-0C9900D4E7AC}.Release|Any CPU.Build.0 = Release|Any CPU
		{632DD93F-3BA4-CCB4-B380-193B7B2EEFD9}.Debug|Any CPU.ActiveCfg = Debug|Any CPU
		{632DD93F-3BA4-CCB4-B380-193B7B2EEFD9}.Debug|Any CPU.Build.0 = Debug|Any CPU
		{632DD93F-3BA4-CCB4-B380-193B7B2EEFD9}.Release|Any CPU.ActiveCfg = Release|Any CPU
		{632DD93F-3BA4-CCB4-B380-193B7B2EEFD9}.Release|Any CPU.Build.0 = Release|Any CPU
		{A1BB4DD7-95DA-F477-E790-4A4BC292E6BB}.Debug|Any CPU.ActiveCfg = Debug|Any CPU
		{A1BB4DD7-95DA-F477-E790-4A4BC292E6BB}.Debug|Any CPU.Build.0 = Debug|Any CPU
		{A1BB4DD7-95DA-F477-E790-4A4BC292E6BB}.Release|Any CPU.ActiveCfg = Release|Any CPU
		{A1BB4DD7-95DA-F477-E790-4A4BC292E6BB}.Release|Any CPU.Build.0 = Release|Any CPU
		{A56B67D8-9612-5049-A0B7-55156006A9A2}.Debug|Any CPU.ActiveCfg = Debug|Any CPU
		{A56B67D8-9612-5049-A0B7-55156006A9A2}.Debug|Any CPU.Build.0 = Debug|Any CPU
		{A56B67D8-9612-5049-A0B7-55156006A9A2}.Release|Any CPU.ActiveCfg = Release|Any CPU
		{A56B67D8-9612-5049-A0B7-55156006A9A2}.Release|Any CPU.Build.0 = Release|Any CPU
		{2656F7CD-3383-AE35-8F7D-7C4EDC27BD68}.Debug|Any CPU.ActiveCfg = Debug|Any CPU
		{2656F7CD-3383-AE35-8F7D-7C4EDC27BD68}.Debug|Any CPU.Build.0 = Debug|Any CPU
		{2656F7CD-3383-AE35-8F7D-7C4EDC27BD68}.Release|Any CPU.ActiveCfg = Release|Any CPU
		{2656F7CD-3383-AE35-8F7D-7C4EDC27BD68}.Release|Any CPU.Build.0 = Release|Any CPU
		{3D548D56-C220-84B7-969D-5591822DBBAA}.Debug|Any CPU.ActiveCfg = Debug|Any CPU
		{3D548D56-C220-84B7-969D-5591822DBBAA}.Debug|Any CPU.Build.0 = Debug|Any CPU
		{3D548D56-C220-84B7-969D-5591822DBBAA}.Release|Any CPU.ActiveCfg = Release|Any CPU
		{3D548D56-C220-84B7-969D-5591822DBBAA}.Release|Any CPU.Build.0 = Release|Any CPU
		{2567DFC8-AFF7-0710-B73A-19360A8BD858}.Debug|Any CPU.ActiveCfg = Debug|Any CPU
		{2567DFC8-AFF7-0710-B73A-19360A8BD858}.Debug|Any CPU.Build.0 = Debug|Any CPU
		{2567DFC8-AFF7-0710-B73A-19360A8BD858}.Release|Any CPU.ActiveCfg = Release|Any CPU
		{2567DFC8-AFF7-0710-B73A-19360A8BD858}.Release|Any CPU.Build.0 = Release|Any CPU
		{90D0AA71-6DA4-03F4-2C00-CC85CD1AF04D}.Debug|Any CPU.ActiveCfg = Debug|Any CPU
		{90D0AA71-6DA4-03F4-2C00-CC85CD1AF04D}.Debug|Any CPU.Build.0 = Debug|Any CPU
		{90D0AA71-6DA4-03F4-2C00-CC85CD1AF04D}.Release|Any CPU.ActiveCfg = Release|Any CPU
		{90D0AA71-6DA4-03F4-2C00-CC85CD1AF04D}.Release|Any CPU.Build.0 = Release|Any CPU
		{0C348593-9CD6-90CC-A2F7-84F7B470EB84}.Debug|Any CPU.ActiveCfg = Debug|Any CPU
		{0C348593-9CD6-90CC-A2F7-84F7B470EB84}.Debug|Any CPU.Build.0 = Debug|Any CPU
		{0C348593-9CD6-90CC-A2F7-84F7B470EB84}.Release|Any CPU.ActiveCfg = Release|Any CPU
		{0C348593-9CD6-90CC-A2F7-84F7B470EB84}.Release|Any CPU.Build.0 = Release|Any CPU
		{7F4F2714-2996-61DA-E484-274C1F32D5EB}.Debug|Any CPU.ActiveCfg = Debug|Any CPU
		{7F4F2714-2996-61DA-E484-274C1F32D5EB}.Debug|Any CPU.Build.0 = Debug|Any CPU
		{7F4F2714-2996-61DA-E484-274C1F32D5EB}.Release|Any CPU.ActiveCfg = Release|Any CPU
		{7F4F2714-2996-61DA-E484-274C1F32D5EB}.Release|Any CPU.Build.0 = Release|Any CPU
		{2553112E-8F88-6D45-FF3C-CE078BAD1FE7}.Debug|Any CPU.ActiveCfg = Debug|Any CPU
		{2553112E-8F88-6D45-FF3C-CE078BAD1FE7}.Debug|Any CPU.Build.0 = Debug|Any CPU
		{2553112E-8F88-6D45-FF3C-CE078BAD1FE7}.Release|Any CPU.ActiveCfg = Release|Any CPU
		{2553112E-8F88-6D45-FF3C-CE078BAD1FE7}.Release|Any CPU.Build.0 = Release|Any CPU
		{047AB0E7-E5A5-E2D7-A5A9-381E0B83DA1D}.Debug|Any CPU.ActiveCfg = Debug|Any CPU
		{047AB0E7-E5A5-E2D7-A5A9-381E0B83DA1D}.Debug|Any CPU.Build.0 = Debug|Any CPU
		{047AB0E7-E5A5-E2D7-A5A9-381E0B83DA1D}.Release|Any CPU.ActiveCfg = Release|Any CPU
		{047AB0E7-E5A5-E2D7-A5A9-381E0B83DA1D}.Release|Any CPU.Build.0 = Release|Any CPU
		{02C08825-30E5-E6FB-AD9D-3E0CB8CC0460}.Debug|Any CPU.ActiveCfg = Debug|Any CPU
		{02C08825-30E5-E6FB-AD9D-3E0CB8CC0460}.Debug|Any CPU.Build.0 = Debug|Any CPU
		{02C08825-30E5-E6FB-AD9D-3E0CB8CC0460}.Release|Any CPU.ActiveCfg = Release|Any CPU
		{02C08825-30E5-E6FB-AD9D-3E0CB8CC0460}.Release|Any CPU.Build.0 = Release|Any CPU
		{B8952EBC-4A2E-CDF5-AE3B-765F191789CF}.Debug|Any CPU.ActiveCfg = Debug|Any CPU
		{B8952EBC-4A2E-CDF5-AE3B-765F191789CF}.Debug|Any CPU.Build.0 = Debug|Any CPU
		{B8952EBC-4A2E-CDF5-AE3B-765F191789CF}.Release|Any CPU.ActiveCfg = Release|Any CPU
		{B8952EBC-4A2E-CDF5-AE3B-765F191789CF}.Release|Any CPU.Build.0 = Release|Any CPU
		{96B1AA41-802D-ED68-3F7B-D8E76B8DBFA3}.Debug|Any CPU.ActiveCfg = Debug|Any CPU
		{96B1AA41-802D-ED68-3F7B-D8E76B8DBFA3}.Debug|Any CPU.Build.0 = Debug|Any CPU
		{96B1AA41-802D-ED68-3F7B-D8E76B8DBFA3}.Release|Any CPU.ActiveCfg = Release|Any CPU
		{96B1AA41-802D-ED68-3F7B-D8E76B8DBFA3}.Release|Any CPU.Build.0 = Release|Any CPU
		{2B8710CC-02CB-05F8-06AF-2C47C5B10C1E}.Debug|Any CPU.ActiveCfg = Debug|Any CPU
		{2B8710CC-02CB-05F8-06AF-2C47C5B10C1E}.Debug|Any CPU.Build.0 = Debug|Any CPU
		{2B8710CC-02CB-05F8-06AF-2C47C5B10C1E}.Release|Any CPU.ActiveCfg = Release|Any CPU
		{2B8710CC-02CB-05F8-06AF-2C47C5B10C1E}.Release|Any CPU.Build.0 = Release|Any CPU
		{B3BA1C90-A4CE-F61C-434E-31757630516E}.Debug|Any CPU.ActiveCfg = Debug|Any CPU
		{B3BA1C90-A4CE-F61C-434E-31757630516E}.Debug|Any CPU.Build.0 = Debug|Any CPU
		{B3BA1C90-A4CE-F61C-434E-31757630516E}.Release|Any CPU.ActiveCfg = Release|Any CPU
		{B3BA1C90-A4CE-F61C-434E-31757630516E}.Release|Any CPU.Build.0 = Release|Any CPU
		{FFF819C7-8742-531E-B098-9DF1F338FF0D}.Debug|Any CPU.ActiveCfg = Debug|Any CPU
		{FFF819C7-8742-531E-B098-9DF1F338FF0D}.Debug|Any CPU.Build.0 = Debug|Any CPU
		{FFF819C7-8742-531E-B098-9DF1F338FF0D}.Release|Any CPU.ActiveCfg = Release|Any CPU
		{FFF819C7-8742-531E-B098-9DF1F338FF0D}.Release|Any CPU.Build.0 = Release|Any CPU
		{8637856D-4E00-45E1-2769-93CA12C752C7}.Debug|Any CPU.ActiveCfg = Debug|Any CPU
		{8637856D-4E00-45E1-2769-93CA12C752C7}.Debug|Any CPU.Build.0 = Debug|Any CPU
		{8637856D-4E00-45E1-2769-93CA12C752C7}.Release|Any CPU.ActiveCfg = Release|Any CPU
		{8637856D-4E00-45E1-2769-93CA12C752C7}.Release|Any CPU.Build.0 = Release|Any CPU
		{4EA7E3B8-9F64-F0B2-444E-D3EF40EA55A1}.Debug|Any CPU.ActiveCfg = Debug|Any CPU
		{4EA7E3B8-9F64-F0B2-444E-D3EF40EA55A1}.Debug|Any CPU.Build.0 = Debug|Any CPU
		{4EA7E3B8-9F64-F0B2-444E-D3EF40EA55A1}.Release|Any CPU.ActiveCfg = Release|Any CPU
		{4EA7E3B8-9F64-F0B2-444E-D3EF40EA55A1}.Release|Any CPU.Build.0 = Release|Any CPU
		{B433E0F6-94D1-54D0-9A80-4020E3A5995A}.Debug|Any CPU.ActiveCfg = Debug|Any CPU
		{B433E0F6-94D1-54D0-9A80-4020E3A5995A}.Debug|Any CPU.Build.0 = Debug|Any CPU
		{B433E0F6-94D1-54D0-9A80-4020E3A5995A}.Release|Any CPU.ActiveCfg = Release|Any CPU
		{B433E0F6-94D1-54D0-9A80-4020E3A5995A}.Release|Any CPU.Build.0 = Release|Any CPU
		{29F3B185-1DCC-3717-B805-493205D74AA3}.Debug|Any CPU.ActiveCfg = Debug|Any CPU
		{29F3B185-1DCC-3717-B805-493205D74AA3}.Debug|Any CPU.Build.0 = Debug|Any CPU
		{29F3B185-1DCC-3717-B805-493205D74AA3}.Release|Any CPU.ActiveCfg = Release|Any CPU
		{29F3B185-1DCC-3717-B805-493205D74AA3}.Release|Any CPU.Build.0 = Release|Any CPU
		{26D08EED-6F38-107F-55A4-19B6CC33A586}.Debug|Any CPU.ActiveCfg = Debug|Any CPU
		{26D08EED-6F38-107F-55A4-19B6CC33A586}.Debug|Any CPU.Build.0 = Debug|Any CPU
		{26D08EED-6F38-107F-55A4-19B6CC33A586}.Release|Any CPU.ActiveCfg = Release|Any CPU
		{26D08EED-6F38-107F-55A4-19B6CC33A586}.Release|Any CPU.Build.0 = Release|Any CPU
		{8263E733-0570-2A81-8DA1-CB06601B40E8}.Debug|Any CPU.ActiveCfg = Debug|Any CPU
		{8263E733-0570-2A81-8DA1-CB06601B40E8}.Debug|Any CPU.Build.0 = Debug|Any CPU
		{8263E733-0570-2A81-8DA1-CB06601B40E8}.Release|Any CPU.ActiveCfg = Release|Any CPU
		{8263E733-0570-2A81-8DA1-CB06601B40E8}.Release|Any CPU.Build.0 = Release|Any CPU
		{B51E310F-8C87-A66C-96A9-54C86E780A85}.Debug|Any CPU.ActiveCfg = Debug|Any CPU
		{B51E310F-8C87-A66C-96A9-54C86E780A85}.Debug|Any CPU.Build.0 = Debug|Any CPU
		{B51E310F-8C87-A66C-96A9-54C86E780A85}.Release|Any CPU.ActiveCfg = Release|Any CPU
		{B51E310F-8C87-A66C-96A9-54C86E780A85}.Release|Any CPU.Build.0 = Release|Any CPU
		{A77C3CAC-2EB4-6F97-FF39-F06F33E1BEC2}.Debug|Any CPU.ActiveCfg = Debug|Any CPU
		{A77C3CAC-2EB4-6F97-FF39-F06F33E1BEC2}.Debug|Any CPU.Build.0 = Debug|Any CPU
		{A77C3CAC-2EB4-6F97-FF39-F06F33E1BEC2}.Release|Any CPU.ActiveCfg = Release|Any CPU
		{A77C3CAC-2EB4-6F97-FF39-F06F33E1BEC2}.Release|Any CPU.Build.0 = Release|Any CPU
		{14100FBD-2AA3-AED1-1232-FBD12135EA4A}.Debug|Any CPU.ActiveCfg = Debug|Any CPU
		{14100FBD-2AA3-AED1-1232-FBD12135EA4A}.Debug|Any CPU.Build.0 = Debug|Any CPU
		{14100FBD-2AA3-AED1-1232-FBD12135EA4A}.Release|Any CPU.ActiveCfg = Release|Any CPU
		{14100FBD-2AA3-AED1-1232-FBD12135EA4A}.Release|Any CPU.Build.0 = Release|Any CPU
		{60FC24C4-B901-317F-9523-D612FE54D643}.Debug|Any CPU.ActiveCfg = Debug|Any CPU
		{60FC24C4-B901-317F-9523-D612FE54D643}.Debug|Any CPU.Build.0 = Debug|Any CPU
		{60FC24C4-B901-317F-9523-D612FE54D643}.Release|Any CPU.ActiveCfg = Release|Any CPU
		{60FC24C4-B901-317F-9523-D612FE54D643}.Release|Any CPU.Build.0 = Release|Any CPU
		{059F57E9-B4B2-B8A9-6F76-8CA69CFF81B9}.Debug|Any CPU.ActiveCfg = Debug|Any CPU
		{059F57E9-B4B2-B8A9-6F76-8CA69CFF81B9}.Debug|Any CPU.Build.0 = Debug|Any CPU
		{059F57E9-B4B2-B8A9-6F76-8CA69CFF81B9}.Release|Any CPU.ActiveCfg = Release|Any CPU
		{059F57E9-B4B2-B8A9-6F76-8CA69CFF81B9}.Release|Any CPU.Build.0 = Release|Any CPU
		{3B19A270-28D4-CCD5-C314-6ECA414F67D9}.Debug|Any CPU.ActiveCfg = Debug|Any CPU
		{3B19A270-28D4-CCD5-C314-6ECA414F67D9}.Debug|Any CPU.Build.0 = Debug|Any CPU
		{3B19A270-28D4-CCD5-C314-6ECA414F67D9}.Release|Any CPU.ActiveCfg = Release|Any CPU
		{3B19A270-28D4-CCD5-C314-6ECA414F67D9}.Release|Any CPU.Build.0 = Release|Any CPU
		{267CB4C0-C97B-71A3-40A8-79A3D7E2E1C1}.Debug|Any CPU.ActiveCfg = Debug|Any CPU
		{267CB4C0-C97B-71A3-40A8-79A3D7E2E1C1}.Debug|Any CPU.Build.0 = Debug|Any CPU
		{267CB4C0-C97B-71A3-40A8-79A3D7E2E1C1}.Release|Any CPU.ActiveCfg = Release|Any CPU
		{267CB4C0-C97B-71A3-40A8-79A3D7E2E1C1}.Release|Any CPU.Build.0 = Release|Any CPU
		{5EE2CAC0-F141-CCF9-7D70-66AB2B9DB9E7}.Debug|Any CPU.ActiveCfg = Debug|Any CPU
		{5EE2CAC0-F141-CCF9-7D70-66AB2B9DB9E7}.Debug|Any CPU.Build.0 = Debug|Any CPU
		{5EE2CAC0-F141-CCF9-7D70-66AB2B9DB9E7}.Release|Any CPU.ActiveCfg = Release|Any CPU
		{5EE2CAC0-F141-CCF9-7D70-66AB2B9DB9E7}.Release|Any CPU.Build.0 = Release|Any CPU
		{CEC74A2A-8844-F066-CEEE-2160AF9F207E}.Debug|Any CPU.ActiveCfg = Debug|Any CPU
		{CEC74A2A-8844-F066-CEEE-2160AF9F207E}.Debug|Any CPU.Build.0 = Debug|Any CPU
		{CEC74A2A-8844-F066-CEEE-2160AF9F207E}.Release|Any CPU.ActiveCfg = Release|Any CPU
		{CEC74A2A-8844-F066-CEEE-2160AF9F207E}.Release|Any CPU.Build.0 = Release|Any CPU
		{8BD1F57D-F25E-AF37-0647-EBADD726D48A}.Debug|Any CPU.ActiveCfg = Debug|Any CPU
		{8BD1F57D-F25E-AF37-0647-EBADD726D48A}.Debug|Any CPU.Build.0 = Debug|Any CPU
		{8BD1F57D-F25E-AF37-0647-EBADD726D48A}.Release|Any CPU.ActiveCfg = Release|Any CPU
		{8BD1F57D-F25E-AF37-0647-EBADD726D48A}.Release|Any CPU.Build.0 = Release|Any CPU
		{0728D5AA-A66E-D34E-3EBB-2FD9847B5673}.Debug|Any CPU.ActiveCfg = Debug|Any CPU
		{0728D5AA-A66E-D34E-3EBB-2FD9847B5673}.Debug|Any CPU.Build.0 = Debug|Any CPU
		{0728D5AA-A66E-D34E-3EBB-2FD9847B5673}.Release|Any CPU.ActiveCfg = Release|Any CPU
		{0728D5AA-A66E-D34E-3EBB-2FD9847B5673}.Release|Any CPU.Build.0 = Release|Any CPU
		{4555AD1C-2732-44E6-BC33-54135717419E}.Debug|Any CPU.ActiveCfg = Debug|Any CPU
		{4555AD1C-2732-44E6-BC33-54135717419E}.Debug|Any CPU.Build.0 = Debug|Any CPU
		{4555AD1C-2732-44E6-BC33-54135717419E}.Release|Any CPU.ActiveCfg = Release|Any CPU
		{4555AD1C-2732-44E6-BC33-54135717419E}.Release|Any CPU.Build.0 = Release|Any CPU
	EndGlobalSection
	GlobalSection(SolutionProperties) = preSolution
		HideSolutionNode = FALSE
	EndGlobalSection
EndGlobal
